
Microsoft Visual Studio Solution File, Format Version 12.00
# Visual Studio Version 16
VisualStudioVersion = 16.0.32929.386
MinimumVisualStudioVersion = 10.0.40219.1
Project("{FAE04EC0-301F-11D3-BF4B-00C04F79EFBC}") = "fredo", "fredo\fredo.csproj", "{7E5296AD-146B-4441-ABAD-8A15866DA0BA}"
EndProject
Global
	GlobalSection(SolutionConfigurationPlatforms) = preSolution
		Debug|Any CPU = Debug|Any CPU
		Release|Any CPU = Release|Any CPU
	EndGlobalSection
	GlobalSection(ProjectConfigurationPlatforms) = postSolution
		{7E5296AD-146B-4441-ABAD-8A15866DA0BA}.Debug|Any CPU.ActiveCfg = Debug|Any CPU
		{7E5296AD-146B-4441-ABAD-8A15866DA0BA}.Debug|Any CPU.Build.0 = Debug|Any CPU
		{7E5296AD-146B-4441-ABAD-8A15866DA0BA}.Release|Any CPU.ActiveCfg = Release|Any CPU
		{7E5296AD-146B-4441-ABAD-8A15866DA0BA}.Release|Any CPU.Build.0 = Release|Any CPU
	EndGlobalSection
	GlobalSection(SolutionProperties) = preSolution
		HideSolutionNode = FALSE
	EndGlobalSection
	GlobalSection(ExtensibilityGlobals) = postSolution
		SolutionGuid = {77C20ABE-AFC1-4F53-962F-BFE5B8336A97}
	EndGlobalSection
EndGlobal
